{
    "_meta": {
        "hash": {
            "sha256": "62141b44a1f248c5c13f3ab7c3298bf70a4c30e290be4e2f9502ff2ce2ce56ed"
        },
        "pipfile-spec": 6,
        "requires": {
            "python_version": "3.8"
        },
        "sources": [
            {
                "name": "pypi",
                "url": "https://pypi.org/simple",
                "verify_ssl": true
            }
        ]
    },
    "default": {
        "pyside6": {
            "hashes": [
                "sha256:2517377c49b5d5c66afc51dab02814d76af1fc7545bf6b76b3d1de86ce9a4507",
                "sha256:53d61ff66bb81a099e71e43e7470060a9141a8e6782d6eb6cc52b9a9cf38730c",
                "sha256:c2368a0f346935167bf741712772b63dee130b29a9270e018cf9474eef1948a0"
            ],
            "index": "pypi",
            "version": "==6.3.0"
        },
        "pyside6-addons": {
            "hashes": [
                "sha256:143228bde402426df9d2b97ac4d8de8e97b7c8d51c76362bcd439dc9e2ab3e86",
                "sha256:4937fc42aec85d5dde62b2d47e29d76a63722d2a0d72e11772baa3e9925bf234",
                "sha256:59e96866abbe468087575b63a697c4b1cc97e65f20874d26d8f0d10f5c8c8728"
            ],
            "markers": "python_version < '3.11' and python_version >= '3.6'",
            "version": "==6.3.0"
        },
        "pyside6-essentials": {
            "hashes": [
                "sha256:1c2a2a2b26fc923b3527907462ae5828b7e50a2c0fcf9923b086781af3911060",
                "sha256:7304353ab13cc9b5b0a86b3487f24b133a68c5b8c1312516510c0d49469f80d8",
                "sha256:a486abe04be6270da798eae9c78b40f605008f19d5d9c880b1683783c715882d"
            ],
            "markers": "python_version < '3.11' and python_version >= '3.6'",
            "version": "==6.3.0"
        },
        "shiboken6": {
            "hashes": [
                "sha256:096e6b2254e59729ae61acbb80d09c31ad7ea35b6624ec120c15a35b95c70b69",
                "sha256:e68e3cbb595c3047c4d893b84ef88eb5b23dea4e94241e80f5509dcb6613ad3d",
                "sha256:ead1cee2fea2566321e725a50070c40a9e67aaa015a20a84a39a9e72ff9b426e"
            ],
            "markers": "python_version < '3.11' and python_version >= '3.6'",
            "version": "==6.3.0"
        }
    },
    "develop": {}
}
